
Microsoft Visual Studio Solution File, Format Version 12.00
# Visual Studio 2012
Project("{07C4E3D1-6B67-4060-8A92-940DB82041ED}") = "Family", "Family.sscproj", "{65F05E76-7110-4B20-BFFC-122C98AFAFA1}"
EndProject
Global
	GlobalSection(SolutionConfigurationPlatforms) = preSolution
		Debug|.NET = Debug|.NET
		Release|.NET = Release|.NET
	EndGlobalSection
	GlobalSection(ProjectConfigurationPlatforms) = postSolution
		{65F05E76-7110-4B20-BFFC-122C98AFAFA1}.Debug|.NET.ActiveCfg = Debug|.NET
		{65F05E76-7110-4B20-BFFC-122C98AFAFA1}.Debug|.NET.Build.0 = Debug|.NET
		{65F05E76-7110-4B20-BFFC-122C98AFAFA1}.Release|.NET.ActiveCfg = Release|.NET
		{65F05E76-7110-4B20-BFFC-122C98AFAFA1}.Release|.NET.Build.0 = Release|.NET
	EndGlobalSection
	GlobalSection(SolutionProperties) = preSolution
		HideSolutionNode = FALSE
	EndGlobalSection
EndGlobal
