
Microsoft Visual Studio Solution File, Format Version 11.00
# Visual Studio 2010
Project("{07C4E3D1-6B67-4060-8A92-940DB82041ED}") = "Simple", "Simple.sscproj", "{30890310-7FB7-4047-B1F6-2092CBCC2AE1}"
EndProject
Global
	GlobalSection(SolutionConfigurationPlatforms) = preSolution
		Debug|.NET = Debug|.NET
		Release|.NET = Release|.NET
	EndGlobalSection
	GlobalSection(ProjectConfigurationPlatforms) = postSolution
		{30890310-7FB7-4047-B1F6-2092CBCC2AE1}.Debug|.NET.ActiveCfg = Debug|.NET
		{30890310-7FB7-4047-B1F6-2092CBCC2AE1}.Debug|.NET.Build.0 = Debug|.NET
		{30890310-7FB7-4047-B1F6-2092CBCC2AE1}.Release|.NET.ActiveCfg = Release|.NET
		{30890310-7FB7-4047-B1F6-2092CBCC2AE1}.Release|.NET.Build.0 = Release|.NET
	EndGlobalSection
	GlobalSection(SolutionProperties) = preSolution
		HideSolutionNode = FALSE
	EndGlobalSection
EndGlobal
