
Microsoft Visual Studio Solution File, Format Version 11.00
# Visual Studio 2010
Project("{07C4E3D1-6B67-4060-8A92-940DB82041ED}") = "Validation", "Validation.sscproj", "{F2CF1D56-3FF9-4D02-B8B9-7F77D1B6FB15}"
EndProject
Global
	GlobalSection(SolutionConfigurationPlatforms) = preSolution
		Debug|.NET = Debug|.NET
		Release|.NET = Release|.NET
	EndGlobalSection
	GlobalSection(ProjectConfigurationPlatforms) = postSolution
		{F2CF1D56-3FF9-4D02-B8B9-7F77D1B6FB15}.Debug|.NET.ActiveCfg = Debug|.NET
		{F2CF1D56-3FF9-4D02-B8B9-7F77D1B6FB15}.Debug|.NET.Build.0 = Debug|.NET
		{F2CF1D56-3FF9-4D02-B8B9-7F77D1B6FB15}.Release|.NET.ActiveCfg = Release|.NET
		{F2CF1D56-3FF9-4D02-B8B9-7F77D1B6FB15}.Release|.NET.Build.0 = Release|.NET
	EndGlobalSection
	GlobalSection(SolutionProperties) = preSolution
		HideSolutionNode = FALSE
	EndGlobalSection
EndGlobal
