
Microsoft Visual Studio Solution File, Format Version 12.00
# Visual Studio 2012
Project("{07C4E3D1-6B67-4060-8A92-940DB82041ED}") = "SpecSharp", "SpecSharp\SpecSharp.sscproj", "{93F4452F-3B46-4F0A-A327-A2454BE52648}"
EndProject
Global
	GlobalSection(SolutionConfigurationPlatforms) = preSolution
		Debug|.NET = Debug|.NET
		Release|.NET = Release|.NET
	EndGlobalSection
	GlobalSection(ProjectConfigurationPlatforms) = postSolution
		{93F4452F-3B46-4F0A-A327-A2454BE52648}.Debug|.NET.ActiveCfg = Debug|.NET
		{93F4452F-3B46-4F0A-A327-A2454BE52648}.Debug|.NET.Build.0 = Debug|.NET
		{93F4452F-3B46-4F0A-A327-A2454BE52648}.Release|.NET.ActiveCfg = Release|.NET
		{93F4452F-3B46-4F0A-A327-A2454BE52648}.Release|.NET.Build.0 = Release|.NET
	EndGlobalSection
	GlobalSection(SolutionProperties) = preSolution
		HideSolutionNode = FALSE
	EndGlobalSection
EndGlobal
