
Microsoft Visual Studio Solution File, Format Version 12.00
# Visual Studio 2012
Project("{07C4E3D1-6B67-4060-8A92-940DB82041ED}") = "Debug", "Debug\Debug.sscproj", "{F90D652C-02EA-40A3-9A8A-F1039EE951B4}"
EndProject
Project("{07C4E3D1-6B67-4060-8A92-940DB82041ED}") = "Family", "Family\Family.sscproj", "{65F05E76-7110-4B20-BFFC-122C98AFAFA1}"
EndProject
Project("{07C4E3D1-6B67-4060-8A92-940DB82041ED}") = "Gui", "Gui\Gui.sscproj", "{F2CF1D56-3FF9-4D02-B8B9-7F77D1B6FB15}"
EndProject
Project("{07C4E3D1-6B67-4060-8A92-940DB82041ED}") = "Papers", "Papers\Papers.sscproj", "{3C83A322-7AEB-4948-856E-F3AED8E9BC66}"
EndProject
Global
	GlobalSection(SolutionConfigurationPlatforms) = preSolution
		Debug|.NET = Debug|.NET
		Release|.NET = Release|.NET
	EndGlobalSection
	GlobalSection(ProjectConfigurationPlatforms) = postSolution
		{F90D652C-02EA-40A3-9A8A-F1039EE951B4}.Debug|.NET.ActiveCfg = Debug|.NET
		{F90D652C-02EA-40A3-9A8A-F1039EE951B4}.Debug|.NET.Build.0 = Debug|.NET
		{F90D652C-02EA-40A3-9A8A-F1039EE951B4}.Release|.NET.ActiveCfg = Release|.NET
		{F90D652C-02EA-40A3-9A8A-F1039EE951B4}.Release|.NET.Build.0 = Release|.NET
		{65F05E76-7110-4B20-BFFC-122C98AFAFA1}.Debug|.NET.ActiveCfg = Debug|.NET
		{65F05E76-7110-4B20-BFFC-122C98AFAFA1}.Debug|.NET.Build.0 = Debug|.NET
		{65F05E76-7110-4B20-BFFC-122C98AFAFA1}.Release|.NET.ActiveCfg = Release|.NET
		{65F05E76-7110-4B20-BFFC-122C98AFAFA1}.Release|.NET.Build.0 = Release|.NET
		{F2CF1D56-3FF9-4D02-B8B9-7F77D1B6FB15}.Debug|.NET.ActiveCfg = Debug|.NET
		{F2CF1D56-3FF9-4D02-B8B9-7F77D1B6FB15}.Debug|.NET.Build.0 = Debug|.NET
		{F2CF1D56-3FF9-4D02-B8B9-7F77D1B6FB15}.Release|.NET.ActiveCfg = Release|.NET
		{F2CF1D56-3FF9-4D02-B8B9-7F77D1B6FB15}.Release|.NET.Build.0 = Release|.NET
		{3C83A322-7AEB-4948-856E-F3AED8E9BC66}.Debug|.NET.ActiveCfg = Debug|.NET
		{3C83A322-7AEB-4948-856E-F3AED8E9BC66}.Debug|.NET.Build.0 = Debug|.NET
		{3C83A322-7AEB-4948-856E-F3AED8E9BC66}.Release|.NET.ActiveCfg = Release|.NET
		{3C83A322-7AEB-4948-856E-F3AED8E9BC66}.Release|.NET.Build.0 = Release|.NET
	EndGlobalSection
	GlobalSection(SolutionProperties) = preSolution
		HideSolutionNode = FALSE
	EndGlobalSection
EndGlobal
